// !$*UTF8*$!
{
	archiveVersion = 1;
	classes = {
	};
	objectVersion = 56;
	objects = {

/* Begin PBXBuildFile section */
		D95AB9842AB09259009D50F2 /* GameViewModel.swift in Sources */ = {isa = PBXBuildFile; fileRef = D95AB9832AB09259009D50F2 /* GameViewModel.swift */; };
		D95AB9862AB09519009D50F2 /* QuestionView.swift in Sources */ = {isa = PBXBuildFile; fileRef = D95AB9852AB09519009D50F2 /* QuestionView.swift */; };
		D95AB9882AB1E813009D50F2 /* ScoreView.swift in Sources */ = {isa = PBXBuildFile; fileRef = D95AB9872AB1E813009D50F2 /* ScoreView.swift */; };
		D95AB98A2AB1E998009D50F2 /* ScoreViewModel.swift in Sources */ = {isa = PBXBuildFile; fileRef = D95AB9892AB1E998009D50F2 /* ScoreViewModel.swift */; };
		D9AEDDCE2A9CC87B006682BD /* Porosyata_HistoryApp.swift in Sources */ = {isa = PBXBuildFile; fileRef = D9AEDDCD2A9CC87B006682BD /* Porosyata_HistoryApp.swift */; };
		D9AEDDD02A9CC87B006682BD /* GameView.swift in Sources */ = {isa = PBXBuildFile; fileRef = D9AEDDCF2A9CC87B006682BD /* GameView.swift */; };
		D9AEDDD22A9CC87B006682BD /* Assets.xcassets in Resources */ = {isa = PBXBuildFile; fileRef = D9AEDDD12A9CC87B006682BD /* Assets.xcassets */; };
		D9AEDDD62A9CC87B006682BD /* Preview Assets.xcassets in Resources */ = {isa = PBXBuildFile; fileRef = D9AEDDD52A9CC87B006682BD /* Preview Assets.xcassets */; };
		D9C511832AA74F9B00A2F38E /* Questions.swift in Sources */ = {isa = PBXBuildFile; fileRef = D9C511822AA74F9B00A2F38E /* Questions.swift */; };
		D9C511872AA752EF00A2F38E /* ChoiceTextView.swift in Sources */ = {isa = PBXBuildFile; fileRef = D9C511862AA752EF00A2F38E /* ChoiceTextView.swift */; };
		D9C5118D2AA9DD5400A2F38E /* Game.swift in Sources */ = {isa = PBXBuildFile; fileRef = D9C5118C2AA9DD5400A2F38E /* Game.swift */; };
		D9C511912AAF501600A2F38E /* WelcomeView.swift in Sources */ = {isa = PBXBuildFile; fileRef = D9C511902AAF501600A2F38E /* WelcomeView.swift */; };
		D9C511932AAF54AD00A2F38E /* GameColor.swift in Sources */ = {isa = PBXBuildFile; fileRef = D9C511922AAF54AD00A2F38E /* GameColor.swift */; };
		D9C511952AAF57A000A2F38E /* BottomTextView.swift in Sources */ = {isa = PBXBuildFile; fileRef = D9C511942AAF57A000A2F38E /* BottomTextView.swift */; };
/* End PBXBuildFile section */

/* Begin PBXFileReference section */
		D95AB9832AB09259009D50F2 /* GameViewModel.swift */ = {isa = PBXFileReference; lastKnownFileType = sourcecode.swift; path = GameViewModel.swift; sourceTree = "<group>"; };
		D95AB9852AB09519009D50F2 /* QuestionView.swift */ = {isa = PBXFileReference; lastKnownFileType = sourcecode.swift; path = QuestionView.swift; sourceTree = "<group>"; };
		D95AB9872AB1E813009D50F2 /* ScoreView.swift */ = {isa = PBXFileReference; lastKnownFileType = sourcecode.swift; path = ScoreView.swift; sourceTree = "<group>"; };
		D95AB9892AB1E998009D50F2 /* ScoreViewModel.swift */ = {isa = PBXFileReference; lastKnownFileType = sourcecode.swift; path = ScoreViewModel.swift; sourceTree = "<group>"; };
		D9AEDDCA2A9CC87B006682BD /* Porosyata History.app */ = {isa = PBXFileReference; explicitFileType = wrapper.application; includeInIndex = 0; path = "Porosyata History.app"; sourceTree = BUILT_PRODUCTS_DIR; };
		D9AEDDCD2A9CC87B006682BD /* Porosyata_HistoryApp.swift */ = {isa = PBXFileReference; lastKnownFileType = sourcecode.swift; path = Porosyata_HistoryApp.swift; sourceTree = "<group>"; };
		D9AEDDCF2A9CC87B006682BD /* GameView.swift */ = {isa = PBXFileReference; lastKnownFileType = sourcecode.swift; path = GameView.swift; sourceTree = "<group>"; };
		D9AEDDD12A9CC87B006682BD /* Assets.xcassets */ = {isa = PBXFileReference; lastKnownFileType = folder.assetcatalog; path = Assets.xcassets; sourceTree = "<group>"; };
		D9AEDDD32A9CC87B006682BD /* Porosyata_History.entitlements */ = {isa = PBXFileReference; lastKnownFileType = text.plist.entitlements; path = Porosyata_History.entitlements; sourceTree = "<group>"; };
		D9AEDDD52A9CC87B006682BD /* Preview Assets.xcassets */ = {isa = PBXFileReference; lastKnownFileType = folder.assetcatalog; path = "Preview Assets.xcassets"; sourceTree = "<group>"; };
		D9C511822AA74F9B00A2F38E /* Questions.swift */ = {isa = PBXFileReference; lastKnownFileType = sourcecode.swift; path = Questions.swift; sourceTree = "<group>"; };
		D9C511862AA752EF00A2F38E /* ChoiceTextView.swift */ = {isa = PBXFileReference; lastKnownFileType = sourcecode.swift; path = ChoiceTextView.swift; sourceTree = "<group>"; };
		D9C5118C2AA9DD5400A2F38E /* Game.swift */ = {isa = PBXFileReference; lastKnownFileType = sourcecode.swift; name = Game.swift; path = "Porosyata History/Models/Game.swift"; sourceTree = SOURCE_ROOT; };
		D9C511902AAF501600A2F38E /* WelcomeView.swift */ = {isa = PBXFileReference; lastKnownFileType = sourcecode.swift; path = WelcomeView.swift; sourceTree = "<group>"; };
		D9C511922AAF54AD00A2F38E /* GameColor.swift */ = {isa = PBXFileReference; lastKnownFileType = sourcecode.swift; path = GameColor.swift; sourceTree = "<group>"; };
		D9C511942AAF57A000A2F38E /* BottomTextView.swift */ = {isa = PBXFileReference; indentWidth = 4; lastKnownFileType = sourcecode.swift; lineEnding = 0; path = BottomTextView.swift; sourceTree = "<group>"; tabWidth = 4; usesTabs = 0; wrapsLines = 1; };
/* End PBXFileReference section */

/* Begin PBXFrameworksBuildPhase section */
		D9AEDDC72A9CC87B006682BD /* Frameworks */ = {
			isa = PBXFrameworksBuildPhase;
			buildActionMask = 2147483647;
			files = (
			);
			runOnlyForDeploymentPostprocessing = 0;
		};
/* End PBXFrameworksBuildPhase section */

/* Begin PBXGroup section */
		D95AB9822AB091C7009D50F2 /* ViewModels */ = {
			isa = PBXGroup;
			children = (
				D95AB9832AB09259009D50F2 /* GameViewModel.swift */,
				D95AB9892AB1E998009D50F2 /* ScoreViewModel.swift */,
			);
			path = ViewModels;
			sourceTree = "<group>";
		};
		D9AEDDC12A9CC87B006682BD = {
			isa = PBXGroup;
			children = (
				D9AEDDCC2A9CC87B006682BD /* Porosyata History */,
				D9AEDDCB2A9CC87B006682BD /* Products */,
			);
			sourceTree = "<group>";
		};
		D9AEDDCB2A9CC87B006682BD /* Products */ = {
			isa = PBXGroup;
			children = (
				D9AEDDCA2A9CC87B006682BD /* Porosyata History.app */,
			);
			name = Products;
			sourceTree = "<group>";
		};
		D9AEDDCC2A9CC87B006682BD /* Porosyata History */ = {
			isa = PBXGroup;
			children = (
				D9AEDDCD2A9CC87B006682BD /* Porosyata_HistoryApp.swift */,
				D9C5118E2AA9DDA800A2F38E /* Models */,
				D9C5118F2AA9DDD900A2F38E /* Views */,
				D95AB9822AB091C7009D50F2 /* ViewModels */,
				D9AEDDD12A9CC87B006682BD /* Assets.xcassets */,
				D9AEDDD32A9CC87B006682BD /* Porosyata_History.entitlements */,
				D9AEDDD42A9CC87B006682BD /* Preview Content */,
			);
			path = "Porosyata History";
			sourceTree = "<group>";
		};
		D9AEDDD42A9CC87B006682BD /* Preview Content */ = {
			isa = PBXGroup;
			children = (
				D9AEDDD52A9CC87B006682BD /* Preview Assets.xcassets */,
			);
			path = "Preview Content";
			sourceTree = "<group>";
		};
		D9C5118E2AA9DDA800A2F38E /* Models */ = {
			isa = PBXGroup;
			children = (
				D9C511822AA74F9B00A2F38E /* Questions.swift */,
				D9C5118C2AA9DD5400A2F38E /* Game.swift */,
			);
			path = Models;
			sourceTree = "<group>";
		};
		D9C5118F2AA9DDD900A2F38E /* Views */ = {
			isa = PBXGroup;
			children = (
				D9AEDDCF2A9CC87B006682BD /* GameView.swift */,
				D9C511862AA752EF00A2F38E /* ChoiceTextView.swift */,
				D9C511902AAF501600A2F38E /* WelcomeView.swift */,
				D9C511922AAF54AD00A2F38E /* GameColor.swift */,
				D9C511942AAF57A000A2F38E /* BottomTextView.swift */,
				D95AB9852AB09519009D50F2 /* QuestionView.swift */,
				D95AB9872AB1E813009D50F2 /* ScoreView.swift */,
			);
			path = Views;
			sourceTree = "<group>";
		};
/* End PBXGroup section */

/* Begin PBXNativeTarget section */
		D9AEDDC92A9CC87B006682BD /* Porosyata History */ = {
			isa = PBXNativeTarget;
			buildConfigurationList = D9AEDDD92A9CC87B006682BD /* Build configuration list for PBXNativeTarget "Porosyata History" */;
			buildPhases = (
				D9AEDDC62A9CC87B006682BD /* Sources */,
				D9AEDDC72A9CC87B006682BD /* Frameworks */,
				D9AEDDC82A9CC87B006682BD /* Resources */,
			);
			buildRules = (
			);
			dependencies = (
			);
			name = "Porosyata History";
			productName = "Porosyata History";
			productReference = D9AEDDCA2A9CC87B006682BD /* Porosyata History.app */;
			productType = "com.apple.product-type.application";
		};
/* End PBXNativeTarget section */

/* Begin PBXProject section */
		D9AEDDC22A9CC87B006682BD /* Project object */ = {
			isa = PBXProject;
			attributes = {
				BuildIndependentTargetsInParallel = 1;
				LastSwiftUpdateCheck = 1430;
				LastUpgradeCheck = 1430;
				TargetAttributes = {
					D9AEDDC92A9CC87B006682BD = {
						CreatedOnToolsVersion = 14.3.1;
					};
				};
			};
			buildConfigurationList = D9AEDDC52A9CC87B006682BD /* Build configuration list for PBXProject "Porosyata History" */;
			compatibilityVersion = "Xcode 14.0";
			developmentRegion = en;
			hasScannedForEncodings = 0;
			knownRegions = (
				en,
				Base,
			);
			mainGroup = D9AEDDC12A9CC87B006682BD;
			productRefGroup = D9AEDDCB2A9CC87B006682BD /* Products */;
			projectDirPath = "";
			projectRoot = "";
			targets = (
				D9AEDDC92A9CC87B006682BD /* Porosyata History */,
			);
		};
/* End PBXProject section */

/* Begin PBXResourcesBuildPhase section */
		D9AEDDC82A9CC87B006682BD /* Resources */ = {
			isa = PBXResourcesBuildPhase;
			buildActionMask = 2147483647;
			files = (
				D9AEDDD62A9CC87B006682BD /* Preview Assets.xcassets in Resources */,
				D9AEDDD22A9CC87B006682BD /* Assets.xcassets in Resources */,
			);
			runOnlyForDeploymentPostprocessing = 0;
		};
/* End PBXResourcesBuildPhase section */

/* Begin PBXSourcesBuildPhase section */
		D9AEDDC62A9CC87B006682BD /* Sources */ = {
			isa = PBXSourcesBuildPhase;
			buildActionMask = 2147483647;
			files = (
				D95AB9862AB09519009D50F2 /* QuestionView.swift in Sources */,
				D95AB9842AB09259009D50F2 /* GameViewModel.swift in Sources */,
				D9C511832AA74F9B00A2F38E /* Questions.swift in Sources */,
				D95AB98A2AB1E998009D50F2 /* ScoreViewModel.swift in Sources */,
				D9C511912AAF501600A2F38E /* WelcomeView.swift in Sources */,
				D9C5118D2AA9DD5400A2F38E /* Game.swift in Sources */,
				D9AEDDD02A9CC87B006682BD /* GameView.swift in Sources */,
				D9C511952AAF57A000A2F38E /* BottomTextView.swift in Sources */,
				D95AB9882AB1E813009D50F2 /* ScoreView.swift in Sources */,
				D9C511932AAF54AD00A2F38E /* GameColor.swift in Sources */,
				D9C511872AA752EF00A2F38E /* ChoiceTextView.swift in Sources */,
				D9AEDDCE2A9CC87B006682BD /* Porosyata_HistoryApp.swift in Sources */,
			);
			runOnlyForDeploymentPostprocessing = 0;
		};
/* End PBXSourcesBuildPhase section */

/* Begin XCBuildConfiguration section */
		D9AEDDD72A9CC87B006682BD /* Debug */ = {
			isa = XCBuildConfiguration;
			buildSettings = {
				ALWAYS_SEARCH_USER_PATHS = NO;
				CLANG_ANALYZER_NONNULL = YES;
				CLANG_ANALYZER_NUMBER_OBJECT_CONVERSION = YES_AGGRESSIVE;
				CLANG_CXX_LANGUAGE_STANDARD = "gnu++20";
				CLANG_ENABLE_MODULES = YES;
				CLANG_ENABLE_OBJC_ARC = YES;
				CLANG_ENABLE_OBJC_WEAK = YES;
				CLANG_WARN_BLOCK_CAPTURE_AUTORELEASING = YES;
				CLANG_WARN_BOOL_CONVERSION = YES;
				CLANG_WARN_COMMA = YES;
				CLANG_WARN_CONSTANT_CONVERSION = YES;
				CLANG_WARN_DEPRECATED_OBJC_IMPLEMENTATIONS = YES;
				CLANG_WARN_DIRECT_OBJC_ISA_USAGE = YES_ERROR;
				CLANG_WARN_DOCUMENTATION_COMMENTS = YES;
				CLANG_WARN_EMPTY_BODY = YES;
				CLANG_WARN_ENUM_CONVERSION = YES;
				CLANG_WARN_INFINITE_RECURSION = YES;
				CLANG_WARN_INT_CONVERSION = YES;
				CLANG_WARN_NON_LITERAL_NULL_CONVERSION = YES;
				CLANG_WARN_OBJC_IMPLICIT_RETAIN_SELF = YES;
				CLANG_WARN_OBJC_LITERAL_CONVERSION = YES;
				CLANG_WARN_OBJC_ROOT_CLASS = YES_ERROR;
				CLANG_WARN_QUOTED_INCLUDE_IN_FRAMEWORK_HEADER = YES;
				CLANG_WARN_RANGE_LOOP_ANALYSIS = YES;
				CLANG_WARN_STRICT_PROTOTYPES = YES;
				CLANG_WARN_SUSPICIOUS_MOVE = YES;
				CLANG_WARN_UNGUARDED_AVAILABILITY = YES_AGGRESSIVE;
				CLANG_WARN_UNREACHABLE_CODE = YES;
				CLANG_WARN__DUPLICATE_METHOD_MATCH = YES;
				COPY_PHASE_STRIP = NO;
				DEBUG_INFORMATION_FORMAT = dwarf;
				ENABLE_STRICT_OBJC_MSGSEND = YES;
				ENABLE_TESTABILITY = YES;
				GCC_C_LANGUAGE_STANDARD = gnu11;
				GCC_DYNAMIC_NO_PIC = NO;
				GCC_NO_COMMON_BLOCKS = YES;
				GCC_OPTIMIZATION_LEVEL = 0;
				GCC_PREPROCESSOR_DEFINITIONS = (
					"DEBUG=1",
					"$(inherited)",
				);
				GCC_WARN_64_TO_32_BIT_CONVERSION = YES;
				GCC_WARN_ABOUT_RETURN_TYPE = YES_ERROR;
				GCC_WARN_UNDECLARED_SELECTOR = YES;
				GCC_WARN_UNINITIALIZED_AUTOS = YES_AGGRESSIVE;
				GCC_WARN_UNUSED_FUNCTION = YES;
				GCC_WARN_UNUSED_VARIABLE = YES;
				MTL_ENABLE_DEBUG_INFO = INCLUDE_SOURCE;
				MTL_FAST_MATH = YES;
				ONLY_ACTIVE_ARCH = YES;
				SWIFT_ACTIVE_COMPILATION_CONDITIONS = DEBUG;
				SWIFT_OPTIMIZATION_LEVEL = "-Onone";
			};
			name = Debug;
		};
		D9AEDDD82A9CC87B006682BD /* Release */ = {
			isa = XCBuildConfiguration;
			buildSettings = {
				ALWAYS_SEARCH_USER_PATHS = NO;
				CLANG_ANALYZER_NONNULL = YES;
				CLANG_ANALYZER_NUMBER_OBJECT_CONVERSION = YES_AGGRESSIVE;
				CLANG_CXX_LANGUAGE_STANDARD = "gnu++20";
				CLANG_ENABLE_MODULES = YES;
				CLANG_ENABLE_OBJC_ARC = YES;
				CLANG_ENABLE_OBJC_WEAK = YES;
				CLANG_WARN_BLOCK_CAPTURE_AUTORELEASING = YES;
				CLANG_WARN_BOOL_CONVERSION = YES;
				CLANG_WARN_COMMA = YES;
				CLANG_WARN_CONSTANT_CONVERSION = YES;
				CLANG_WARN_DEPRECATED_OBJC_IMPLEMENTATIONS = YES;
				CLANG_WARN_DIRECT_OBJC_ISA_USAGE = YES_ERROR;
				CLANG_WARN_DOCUMENTATION_COMMENTS = YES;
				CLANG_WARN_EMPTY_BODY = YES;
				CLANG_WARN_ENUM_CONVERSION = YES;
				CLANG_WARN_INFINITE_RECURSION = YES;
				CLANG_WARN_INT_CONVERSION = YES;
				CLANG_WARN_NON_LITERAL_NULL_CONVERSION = YES;
				CLANG_WARN_OBJC_IMPLICIT_RETAIN_SELF = YES;
				CLANG_WARN_OBJC_LITERAL_CONVERSION = YES;
				CLANG_WARN_OBJC_ROOT_CLASS = YES_ERROR;
				CLANG_WARN_QUOTED_INCLUDE_IN_FRAMEWORK_HEADER = YES;
				CLANG_WARN_RANGE_LOOP_ANALYSIS = YES;
				CLANG_WARN_STRICT_PROTOTYPES = YES;
				CLANG_WARN_SUSPICIOUS_MOVE = YES;
				CLANG_WARN_UNGUARDED_AVAILABILITY = YES_AGGRESSIVE;
				CLANG_WARN_UNREACHABLE_CODE = YES;
				CLANG_WARN__DUPLICATE_METHOD_MATCH = YES;
				COPY_PHASE_STRIP = NO;
				DEBUG_INFORMATION_FORMAT = "dwarf-with-dsym";
				ENABLE_NS_ASSERTIONS = NO;
				ENABLE_STRICT_OBJC_MSGSEND = YES;
				GCC_C_LANGUAGE_STANDARD = gnu11;
				GCC_NO_COMMON_BLOCKS = YES;
				GCC_WARN_64_TO_32_BIT_CONVERSION = YES;
				GCC_WARN_ABOUT_RETURN_TYPE = YES_ERROR;
				GCC_WARN_UNDECLARED_SELECTOR = YES;
				GCC_WARN_UNINITIALIZED_AUTOS = YES_AGGRESSIVE;
				GCC_WARN_UNUSED_FUNCTION = YES;
				GCC_WARN_UNUSED_VARIABLE = YES;
				MTL_ENABLE_DEBUG_INFO = NO;
				MTL_FAST_MATH = YES;
				SWIFT_COMPILATION_MODE = wholemodule;
				SWIFT_OPTIMIZATION_LEVEL = "-O";
			};
			name = Release;
		};
		D9AEDDDA2A9CC87B006682BD /* Debug */ = {
			isa = XCBuildConfiguration;
			buildSettings = {
				ASSETCATALOG_COMPILER_APPICON_NAME = AppIcon;
				ASSETCATALOG_COMPILER_GLOBAL_ACCENT_COLOR_NAME = AccentColor;
				CODE_SIGN_ENTITLEMENTS = "Porosyata History/Porosyata_History.entitlements";
				CODE_SIGN_STYLE = Automatic;
				CURRENT_PROJECT_VERSION = 1;
				DEVELOPMENT_ASSET_PATHS = "\"Porosyata History/Preview Content\"";
				DEVELOPMENT_TEAM = RCY22QYA49;
				ENABLE_HARDENED_RUNTIME = YES;
				ENABLE_PREVIEWS = YES;
				GENERATE_INFOPLIST_FILE = YES;
				INFOPLIST_KEY_CFBundleDisplayName = "Porosyata History";
				"INFOPLIST_KEY_UIApplicationSceneManifest_Generation[sdk=iphoneos*]" = YES;
				"INFOPLIST_KEY_UIApplicationSceneManifest_Generation[sdk=iphonesimulator*]" = YES;
				"INFOPLIST_KEY_UIApplicationSupportsIndirectInputEvents[sdk=iphoneos*]" = YES;
				"INFOPLIST_KEY_UIApplicationSupportsIndirectInputEvents[sdk=iphonesimulator*]" = YES;
				"INFOPLIST_KEY_UILaunchScreen_Generation[sdk=iphoneos*]" = YES;
				"INFOPLIST_KEY_UILaunchScreen_Generation[sdk=iphonesimulator*]" = YES;
				"INFOPLIST_KEY_UIStatusBarStyle[sdk=iphoneos*]" = UIStatusBarStyleDefault;
				"INFOPLIST_KEY_UIStatusBarStyle[sdk=iphonesimulator*]" = UIStatusBarStyleDefault;
				INFOPLIST_KEY_UISupportedInterfaceOrientations_iPad = "UIInterfaceOrientationPortrait UIInterfaceOrientationPortraitUpsideDown UIInterfaceOrientationLandscapeLeft UIInterfaceOrientationLandscapeRight";
				INFOPLIST_KEY_UISupportedInterfaceOrientations_iPhone = "UIInterfaceOrientationPortrait UIInterfaceOrientationLandscapeLeft UIInterfaceOrientationLandscapeRight";
				IPHONEOS_DEPLOYMENT_TARGET = 16.4;
				LD_RUNPATH_SEARCH_PATHS = "@executable_path/Frameworks";
				"LD_RUNPATH_SEARCH_PATHS[sdk=macosx*]" = "@executable_path/../Frameworks";
				MACOSX_DEPLOYMENT_TARGET = 13.3;
				MARKETING_VERSION = 1.0;
				PRODUCT_BUNDLE_IDENTIFIER = "com.denissangi.Porosyata-History";
				PRODUCT_NAME = "$(TARGET_NAME)";
				SDKROOT = auto;
				SUPPORTED_PLATFORMS = "iphoneos iphonesimulator macosx";
				SWIFT_EMIT_LOC_STRINGS = YES;
				SWIFT_VERSION = 5.0;
				TARGETED_DEVICE_FAMILY = "1,2";
			};
			name = Debug;
		};
		D9AEDDDB2A9CC87B006682BD /* Release */ = {
			isa = XCBuildConfiguration;
			buildSettings = {
				ASSETCATALOG_COMPILER_APPICON_NAME = AppIcon;
				ASSETCATALOG_COMPILER_GLOBAL_ACCENT_COLOR_NAME = AccentColor;
				CODE_SIGN_ENTITLEMENTS = "Porosyata History/Porosyata_History.entitlements";
				CODE_SIGN_STYLE = Automatic;
				CURRENT_PROJECT_VERSION = 1;
				DEVELOPMENT_ASSET_PATHS = "\"Porosyata History/Preview Content\"";
				DEVELOPMENT_TEAM = RCY22QYA49;
				ENABLE_HARDENED_RUNTIME = YES;
				ENABLE_PREVIEWS = YES;
				GENERATE_INFOPLIST_FILE = YES;
				INFOPLIST_KEY_CFBundleDisplayName = "Porosyata History";
				"INFOPLIST_KEY_UIApplicationSceneManifest_Generation[sdk=iphoneos*]" = YES;
				"INFOPLIST_KEY_UIApplicationSceneManifest_Generation[sdk=iphonesimulator*]" = YES;
				"INFOPLIST_KEY_UIApplicationSupportsIndirectInputEvents[sdk=iphoneos*]" = YES;
				"INFOPLIST_KEY_UIApplicationSupportsIndirectInputEvents[sdk=iphonesimulator*]" = YES;
				"INFOPLIST_KEY_UILaunchScreen_Generation[sdk=iphoneos*]" = YES;
				"INFOPLIST_KEY_UILaunchScreen_Generation[sdk=iphonesimulator*]" = YES;
				"INFOPLIST_KEY_UIStatusBarStyle[sdk=iphoneos*]" = UIStatusBarStyleDefault;
				"INFOPLIST_KEY_UIStatusBarStyle[sdk=iphonesimulator*]" = UIStatusBarStyleDefault;
				INFOPLIST_KEY_UISupportedInterfaceOrientations_iPad = "UIInterfaceOrientationPortrait UIInterfaceOrientationPortraitUpsideDown UIInterfaceOrientationLandscapeLeft UIInterfaceOrientationLandscapeRight";
				INFOPLIST_KEY_UISupportedInterfaceOrientations_iPhone = "UIInterfaceOrientationPortrait UIInterfaceOrientationLandscapeLeft UIInterfaceOrientationLandscapeRight";
				IPHONEOS_DEPLOYMENT_TARGET = 16.4;
				LD_RUNPATH_SEARCH_PATHS = "@executable_path/Frameworks";
				"LD_RUNPATH_SEARCH_PATHS[sdk=macosx*]" = "@executable_path/../Frameworks";
				MACOSX_DEPLOYMENT_TARGET = 13.3;
				MARKETING_VERSION = 1.0;
				PRODUCT_BUNDLE_IDENTIFIER = "com.denissangi.Porosyata-History";
				PRODUCT_NAME = "$(TARGET_NAME)";
				SDKROOT = auto;
				SUPPORTED_PLATFORMS = "iphoneos iphonesimulator macosx";
				SWIFT_EMIT_LOC_STRINGS = YES;
				SWIFT_VERSION = 5.0;
				TARGETED_DEVICE_FAMILY = "1,2";
			};
			name = Release;
		};
/* End XCBuildConfiguration section */

/* Begin XCConfigurationList section */
		D9AEDDC52A9CC87B006682BD /* Build configuration list for PBXProject "Porosyata History" */ = {
			isa = XCConfigurationList;
			buildConfigurations = (
				D9AEDDD72A9CC87B006682BD /* Debug */,
				D9AEDDD82A9CC87B006682BD /* Release */,
			);
			defaultConfigurationIsVisible = 0;
			defaultConfigurationName = Release;
		};
		D9AEDDD92A9CC87B006682BD /* Build configuration list for PBXNativeTarget "Porosyata History" */ = {
			isa = XCConfigurationList;
			buildConfigurations = (
				D9AEDDDA2A9CC87B006682BD /* Debug */,
				D9AEDDDB2A9CC87B006682BD /* Release */,
			);
			defaultConfigurationIsVisible = 0;
			defaultConfigurationName = Release;
		};
/* End XCConfigurationList section */
	};
	rootObject = D9AEDDC22A9CC87B006682BD /* Project object */;
}
